// !$*UTF8*$!
{
	archiveVersion = 1;
	classes = {
	};
	objectVersion = 50;
	objects = {

/* Begin PBXBuildFile section */
		15806A812858D9F700BC5AFC /* ShowError.swift in Sources */ = {isa = PBXBuildFile; fileRef = 15806A802858D9F700BC5AFC /* ShowError.swift */; };
		15806A832858DA5400BC5AFC /* PresentDetail.swift in Sources */ = {isa = PBXBuildFile; fileRef = 15806A822858DA5400BC5AFC /* PresentDetail.swift */; };
		15C3F6B22858CFFF0084133F /* AppDelegate.swift in Sources */ = {isa = PBXBuildFile; fileRef = 15C3F6B12858CFFF0084133F /* AppDelegate.swift */; };
		15C3F6B42858CFFF0084133F /* CharactersVC.swift in Sources */ = {isa = PBXBuildFile; fileRef = 15C3F6B32858CFFF0084133F /* CharactersVC.swift */; };
		15C3F6B72858CFFF0084133F /* Main.storyboard in Resources */ = {isa = PBXBuildFile; fileRef = 15C3F6B52858CFFF0084133F /* Main.storyboard */; };
		15C3F6B92858D0030084133F /* Assets.xcassets in Resources */ = {isa = PBXBuildFile; fileRef = 15C3F6B82858D0030084133F /* Assets.xcassets */; };
		15C3F6BC2858D0030084133F /* LaunchScreen.storyboard in Resources */ = {isa = PBXBuildFile; fileRef = 15C3F6BA2858D0030084133F /* LaunchScreen.storyboard */; };
		15C3F6C82858D61F0084133F /* Character.swift in Sources */ = {isa = PBXBuildFile; fileRef = 15C3F6C72858D61F0084133F /* Character.swift */; };
		15C3F6CA2858D73E0084133F /* Planet.swift in Sources */ = {isa = PBXBuildFile; fileRef = 15C3F6C92858D73E0084133F /* Planet.swift */; };
		15C3F6CC2858D7640084133F /* APIError.swift in Sources */ = {isa = PBXBuildFile; fileRef = 15C3F6CB2858D7640084133F /* APIError.swift */; };
/* End PBXBuildFile section */

/* Begin PBXFileReference section */
		15806A802858D9F700BC5AFC /* ShowError.swift */ = {isa = PBXFileReference; lastKnownFileType = sourcecode.swift; path = ShowError.swift; sourceTree = "<group>"; };
		15806A822858DA5400BC5AFC /* PresentDetail.swift */ = {isa = PBXFileReference; lastKnownFileType = sourcecode.swift; path = PresentDetail.swift; sourceTree = "<group>"; };
		15C3F6AE2858CFFF0084133F /* StarWars-mini.app */ = {isa = PBXFileReference; explicitFileType = wrapper.application; includeInIndex = 0; path = "StarWars-mini.app"; sourceTree = BUILT_PRODUCTS_DIR; };
		15C3F6B12858CFFF0084133F /* AppDelegate.swift */ = {isa = PBXFileReference; lastKnownFileType = sourcecode.swift; path = AppDelegate.swift; sourceTree = "<group>"; };
		15C3F6B32858CFFF0084133F /* CharactersVC.swift */ = {isa = PBXFileReference; lastKnownFileType = sourcecode.swift; path = CharactersVC.swift; sourceTree = "<group>"; };
		15C3F6B62858CFFF0084133F /* Base */ = {isa = PBXFileReference; lastKnownFileType = file.storyboard; name = Base; path = Base.lproj/Main.storyboard; sourceTree = "<group>"; };
		15C3F6B82858D0030084133F /* Assets.xcassets */ = {isa = PBXFileReference; lastKnownFileType = folder.assetcatalog; path = Assets.xcassets; sourceTree = "<group>"; };
		15C3F6BB2858D0030084133F /* Base */ = {isa = PBXFileReference; lastKnownFileType = file.storyboard; name = Base; path = Base.lproj/LaunchScreen.storyboard; sourceTree = "<group>"; };
		15C3F6BD2858D0040084133F /* Info.plist */ = {isa = PBXFileReference; lastKnownFileType = text.plist.xml; path = Info.plist; sourceTree = "<group>"; };
		15C3F6C72858D61F0084133F /* Character.swift */ = {isa = PBXFileReference; lastKnownFileType = sourcecode.swift; path = Character.swift; sourceTree = "<group>"; };
		15C3F6C92858D73E0084133F /* Planet.swift */ = {isa = PBXFileReference; lastKnownFileType = sourcecode.swift; path = Planet.swift; sourceTree = "<group>"; };
		15C3F6CB2858D7640084133F /* APIError.swift */ = {isa = PBXFileReference; lastKnownFileType = sourcecode.swift; path = APIError.swift; sourceTree = "<group>"; };
/* End PBXFileReference section */

/* Begin PBXFrameworksBuildPhase section */
		15C3F6AB2858CFFF0084133F /* Frameworks */ = {
			isa = PBXFrameworksBuildPhase;
			buildActionMask = 2147483647;
			files = (
			);
			runOnlyForDeploymentPostprocessing = 0;
		};
/* End PBXFrameworksBuildPhase section */

/* Begin PBXGroup section */
		15806A7F2858D97500BC5AFC /* Extensions */ = {
			isa = PBXGroup;
			children = (
				15806A802858D9F700BC5AFC /* ShowError.swift */,
				15806A822858DA5400BC5AFC /* PresentDetail.swift */,
			);
			path = Extensions;
			sourceTree = "<group>";
		};
		15C3F6A52858CFFF0084133F = {
			isa = PBXGroup;
			children = (
				15C3F6B02858CFFF0084133F /* StarWars-mini */,
				15C3F6AF2858CFFF0084133F /* Products */,
			);
			sourceTree = "<group>";
		};
		15C3F6AF2858CFFF0084133F /* Products */ = {
			isa = PBXGroup;
			children = (
				15C3F6AE2858CFFF0084133F /* StarWars-mini.app */,
			);
			name = Products;
			sourceTree = "<group>";
		};
		15C3F6B02858CFFF0084133F /* StarWars-mini */ = {
			isa = PBXGroup;
			children = (
				15806A7F2858D97500BC5AFC /* Extensions */,
				15C3F6C62858D2B10084133F /* Services */,
				15C3F6C52858D2A60084133F /* Controller */,
				15C3F6C42858D29E0084133F /* Model */,
				15C3F6C32858D2780084133F /* View */,
				15C3F6B12858CFFF0084133F /* AppDelegate.swift */,
				15C3F6B52858CFFF0084133F /* Main.storyboard */,
				15C3F6B82858D0030084133F /* Assets.xcassets */,
				15C3F6BA2858D0030084133F /* LaunchScreen.storyboard */,
				15C3F6BD2858D0040084133F /* Info.plist */,
			);
			path = "StarWars-mini";
			sourceTree = "<group>";
		};
		15C3F6C32858D2780084133F /* View */ = {
			isa = PBXGroup;
			children = (
			);
			path = View;
			sourceTree = "<group>";
		};
		15C3F6C42858D29E0084133F /* Model */ = {
			isa = PBXGroup;
			children = (
				15C3F6C72858D61F0084133F /* Character.swift */,
				15C3F6C92858D73E0084133F /* Planet.swift */,
				15C3F6CB2858D7640084133F /* APIError.swift */,
			);
			path = Model;
			sourceTree = "<group>";
		};
		15C3F6C52858D2A60084133F /* Controller */ = {
			isa = PBXGroup;
			children = (
				15C3F6B32858CFFF0084133F /* CharactersVC.swift */,
			);
			path = Controller;
			sourceTree = "<group>";
		};
		15C3F6C62858D2B10084133F /* Services */ = {
			isa = PBXGroup;
			children = (
			);
			path = Services;
			sourceTree = "<group>";
		};
/* End PBXGroup section */

/* Begin PBXNativeTarget section */
		15C3F6AD2858CFFF0084133F /* StarWars-mini */ = {
			isa = PBXNativeTarget;
			buildConfigurationList = 15C3F6C02858D0040084133F /* Build configuration list for PBXNativeTarget "StarWars-mini" */;
			buildPhases = (
				15C3F6AA2858CFFF0084133F /* Sources */,
				15C3F6AB2858CFFF0084133F /* Frameworks */,
				15C3F6AC2858CFFF0084133F /* Resources */,
			);
			buildRules = (
			);
			dependencies = (
			);
			name = "StarWars-mini";
			productName = "StarWars-mini";
			productReference = 15C3F6AE2858CFFF0084133F /* StarWars-mini.app */;
			productType = "com.apple.product-type.application";
		};
/* End PBXNativeTarget section */

/* Begin PBXProject section */
		15C3F6A62858CFFF0084133F /* Project object */ = {
			isa = PBXProject;
			attributes = {
				LastSwiftUpdateCheck = 0940;
				LastUpgradeCheck = 0940;
				ORGANIZATIONNAME = "Hovhannes Mikayelyan";
				TargetAttributes = {
					15C3F6AD2858CFFF0084133F = {
						CreatedOnToolsVersion = 9.4.1;
					};
				};
			};
			buildConfigurationList = 15C3F6A92858CFFF0084133F /* Build configuration list for PBXProject "StarWars-mini" */;
			compatibilityVersion = "Xcode 9.3";
			developmentRegion = en;
			hasScannedForEncodings = 0;
			knownRegions = (
				en,
				Base,
			);
			mainGroup = 15C3F6A52858CFFF0084133F;
			productRefGroup = 15C3F6AF2858CFFF0084133F /* Products */;
			projectDirPath = "";
			projectRoot = "";
			targets = (
				15C3F6AD2858CFFF0084133F /* StarWars-mini */,
			);
		};
/* End PBXProject section */

/* Begin PBXResourcesBuildPhase section */
		15C3F6AC2858CFFF0084133F /* Resources */ = {
			isa = PBXResourcesBuildPhase;
			buildActionMask = 2147483647;
			files = (
				15C3F6BC2858D0030084133F /* LaunchScreen.storyboard in Resources */,
				15C3F6B92858D0030084133F /* Assets.xcassets in Resources */,
				15C3F6B72858CFFF0084133F /* Main.storyboard in Resources */,
			);
			runOnlyForDeploymentPostprocessing = 0;
		};
/* End PBXResourcesBuildPhase section */

/* Begin PBXSourcesBuildPhase section */
		15C3F6AA2858CFFF0084133F /* Sources */ = {
			isa = PBXSourcesBuildPhase;
			buildActionMask = 2147483647;
			files = (
				15C3F6C82858D61F0084133F /* Character.swift in Sources */,
				15806A812858D9F700BC5AFC /* ShowError.swift in Sources */,
				15C3F6B42858CFFF0084133F /* CharactersVC.swift in Sources */,
				15806A832858DA5400BC5AFC /* PresentDetail.swift in Sources */,
				15C3F6B22858CFFF0084133F /* AppDelegate.swift in Sources */,
				15C3F6CC2858D7640084133F /* APIError.swift in Sources */,
				15C3F6CA2858D73E0084133F /* Planet.swift in Sources */,
			);
			runOnlyForDeploymentPostprocessing = 0;
		};
/* End PBXSourcesBuildPhase section */

/* Begin PBXVariantGroup section */
		15C3F6B52858CFFF0084133F /* Main.storyboard */ = {
			isa = PBXVariantGroup;
			children = (
				15C3F6B62858CFFF0084133F /* Base */,
			);
			name = Main.storyboard;
			sourceTree = "<group>";
		};
		15C3F6BA2858D0030084133F /* LaunchScreen.storyboard */ = {
			isa = PBXVariantGroup;
			children = (
				15C3F6BB2858D0030084133F /* Base */,
			);
			name = LaunchScreen.storyboard;
			sourceTree = "<group>";
		};
/* End PBXVariantGroup section */

/* Begin XCBuildConfiguration section */
		15C3F6BE2858D0040084133F /* Debug */ = {
			isa = XCBuildConfiguration;
			buildSettings = {
				ALWAYS_SEARCH_USER_PATHS = NO;
				CLANG_ANALYZER_NONNULL = YES;
				CLANG_ANALYZER_NUMBER_OBJECT_CONVERSION = YES_AGGRESSIVE;
				CLANG_CXX_LANGUAGE_STANDARD = "gnu++14";
				CLANG_CXX_LIBRARY = "libc++";
				CLANG_ENABLE_MODULES = YES;
				CLANG_ENABLE_OBJC_ARC = YES;
				CLANG_ENABLE_OBJC_WEAK = YES;
				CLANG_WARN_BLOCK_CAPTURE_AUTORELEASING = YES;
				CLANG_WARN_BOOL_CONVERSION = YES;
				CLANG_WARN_COMMA = YES;
				CLANG_WARN_CONSTANT_CONVERSION = YES;
				CLANG_WARN_DEPRECATED_OBJC_IMPLEMENTATIONS = YES;
				CLANG_WARN_DIRECT_OBJC_ISA_USAGE = YES_ERROR;
				CLANG_WARN_DOCUMENTATION_COMMENTS = YES;
				CLANG_WARN_EMPTY_BODY = YES;
				CLANG_WARN_ENUM_CONVERSION = YES;
				CLANG_WARN_INFINITE_RECURSION = YES;
				CLANG_WARN_INT_CONVERSION = YES;
				CLANG_WARN_NON_LITERAL_NULL_CONVERSION = YES;
				CLANG_WARN_OBJC_IMPLICIT_RETAIN_SELF = YES;
				CLANG_WARN_OBJC_LITERAL_CONVERSION = YES;
				CLANG_WARN_OBJC_ROOT_CLASS = YES_ERROR;
				CLANG_WARN_RANGE_LOOP_ANALYSIS = YES;
				CLANG_WARN_STRICT_PROTOTYPES = YES;
				CLANG_WARN_SUSPICIOUS_MOVE = YES;
				CLANG_WARN_UNGUARDED_AVAILABILITY = YES_AGGRESSIVE;
				CLANG_WARN_UNREACHABLE_CODE = YES;
				CLANG_WARN__DUPLICATE_METHOD_MATCH = YES;
				CODE_SIGN_IDENTITY = "iPhone Developer";
				COPY_PHASE_STRIP = NO;
				DEBUG_INFORMATION_FORMAT = dwarf;
				ENABLE_STRICT_OBJC_MSGSEND = YES;
				ENABLE_TESTABILITY = YES;
				GCC_C_LANGUAGE_STANDARD = gnu11;
				GCC_DYNAMIC_NO_PIC = NO;
				GCC_NO_COMMON_BLOCKS = YES;
				GCC_OPTIMIZATION_LEVEL = 0;
				GCC_PREPROCESSOR_DEFINITIONS = (
					"DEBUG=1",
					"$(inherited)",
				);
				GCC_WARN_64_TO_32_BIT_CONVERSION = YES;
				GCC_WARN_ABOUT_RETURN_TYPE = YES_ERROR;
				GCC_WARN_UNDECLARED_SELECTOR = YES;
				GCC_WARN_UNINITIALIZED_AUTOS = YES_AGGRESSIVE;
				GCC_WARN_UNUSED_FUNCTION = YES;
				GCC_WARN_UNUSED_VARIABLE = YES;
				IPHONEOS_DEPLOYMENT_TARGET = 11.4;
				MTL_ENABLE_DEBUG_INFO = YES;
				ONLY_ACTIVE_ARCH = YES;
				SDKROOT = iphoneos;
				SWIFT_ACTIVE_COMPILATION_CONDITIONS = DEBUG;
				SWIFT_OPTIMIZATION_LEVEL = "-Onone";
			};
			name = Debug;
		};
		15C3F6BF2858D0040084133F /* Release */ = {
			isa = XCBuildConfiguration;
			buildSettings = {
				ALWAYS_SEARCH_USER_PATHS = NO;
				CLANG_ANALYZER_NONNULL = YES;
				CLANG_ANALYZER_NUMBER_OBJECT_CONVERSION = YES_AGGRESSIVE;
				CLANG_CXX_LANGUAGE_STANDARD = "gnu++14";
				CLANG_CXX_LIBRARY = "libc++";
				CLANG_ENABLE_MODULES = YES;
				CLANG_ENABLE_OBJC_ARC = YES;
				CLANG_ENABLE_OBJC_WEAK = YES;
				CLANG_WARN_BLOCK_CAPTURE_AUTORELEASING = YES;
				CLANG_WARN_BOOL_CONVERSION = YES;
				CLANG_WARN_COMMA = YES;
				CLANG_WARN_CONSTANT_CONVERSION = YES;
				CLANG_WARN_DEPRECATED_OBJC_IMPLEMENTATIONS = YES;
				CLANG_WARN_DIRECT_OBJC_ISA_USAGE = YES_ERROR;
				CLANG_WARN_DOCUMENTATION_COMMENTS = YES;
				CLANG_WARN_EMPTY_BODY = YES;
				CLANG_WARN_ENUM_CONVERSION = YES;
				CLANG_WARN_INFINITE_RECURSION = YES;
				CLANG_WARN_INT_CONVERSION = YES;
				CLANG_WARN_NON_LITERAL_NULL_CONVERSION = YES;
				CLANG_WARN_OBJC_IMPLICIT_RETAIN_SELF = YES;
				CLANG_WARN_OBJC_LITERAL_CONVERSION = YES;
				CLANG_WARN_OBJC_ROOT_CLASS = YES_ERROR;
				CLANG_WARN_RANGE_LOOP_ANALYSIS = YES;
				CLANG_WARN_STRICT_PROTOTYPES = YES;
				CLANG_WARN_SUSPICIOUS_MOVE = YES;
				CLANG_WARN_UNGUARDED_AVAILABILITY = YES_AGGRESSIVE;
				CLANG_WARN_UNREACHABLE_CODE = YES;
				CLANG_WARN__DUPLICATE_METHOD_MATCH = YES;
				CODE_SIGN_IDENTITY = "iPhone Developer";
				COPY_PHASE_STRIP = NO;
				DEBUG_INFORMATION_FORMAT = "dwarf-with-dsym";
				ENABLE_NS_ASSERTIONS = NO;
				ENABLE_STRICT_OBJC_MSGSEND = YES;
				GCC_C_LANGUAGE_STANDARD = gnu11;
				GCC_NO_COMMON_BLOCKS = YES;
				GCC_WARN_64_TO_32_BIT_CONVERSION = YES;
				GCC_WARN_ABOUT_RETURN_TYPE = YES_ERROR;
				GCC_WARN_UNDECLARED_SELECTOR = YES;
				GCC_WARN_UNINITIALIZED_AUTOS = YES_AGGRESSIVE;
				GCC_WARN_UNUSED_FUNCTION = YES;
				GCC_WARN_UNUSED_VARIABLE = YES;
				IPHONEOS_DEPLOYMENT_TARGET = 11.4;
				MTL_ENABLE_DEBUG_INFO = NO;
				SDKROOT = iphoneos;
				SWIFT_COMPILATION_MODE = wholemodule;
				SWIFT_OPTIMIZATION_LEVEL = "-O";
				VALIDATE_PRODUCT = YES;
			};
			name = Release;
		};
		15C3F6C12858D0040084133F /* Debug */ = {
			isa = XCBuildConfiguration;
			buildSettings = {
				ASSETCATALOG_COMPILER_APPICON_NAME = AppIcon;
				CODE_SIGN_STYLE = Automatic;
				INFOPLIST_FILE = "StarWars-mini/Info.plist";
				LD_RUNPATH_SEARCH_PATHS = (
					"$(inherited)",
					"@executable_path/Frameworks",
				);
				PRODUCT_BUNDLE_IDENTIFIER = "hovs.StarWars-mini";
				PRODUCT_NAME = "$(TARGET_NAME)";
				SWIFT_VERSION = 4.0;
				TARGETED_DEVICE_FAMILY = "1,2";
			};
			name = Debug;
		};
		15C3F6C22858D0040084133F /* Release */ = {
			isa = XCBuildConfiguration;
			buildSettings = {
				ASSETCATALOG_COMPILER_APPICON_NAME = AppIcon;
				CODE_SIGN_STYLE = Automatic;
				INFOPLIST_FILE = "StarWars-mini/Info.plist";
				LD_RUNPATH_SEARCH_PATHS = (
					"$(inherited)",
					"@executable_path/Frameworks",
				);
				PRODUCT_BUNDLE_IDENTIFIER = "hovs.StarWars-mini";
				PRODUCT_NAME = "$(TARGET_NAME)";
				SWIFT_VERSION = 4.0;
				TARGETED_DEVICE_FAMILY = "1,2";
			};
			name = Release;
		};
/* End XCBuildConfiguration section */

/* Begin XCConfigurationList section */
		15C3F6A92858CFFF0084133F /* Build configuration list for PBXProject "StarWars-mini" */ = {
			isa = XCConfigurationList;
			buildConfigurations = (
				15C3F6BE2858D0040084133F /* Debug */,
				15C3F6BF2858D0040084133F /* Release */,
			);
			defaultConfigurationIsVisible = 0;
			defaultConfigurationName = Release;
		};
		15C3F6C02858D0040084133F /* Build configuration list for PBXNativeTarget "StarWars-mini" */ = {
			isa = XCConfigurationList;
			buildConfigurations = (
				15C3F6C12858D0040084133F /* Debug */,
				15C3F6C22858D0040084133F /* Release */,
			);
			defaultConfigurationIsVisible = 0;
			defaultConfigurationName = Release;
		};
/* End XCConfigurationList section */
	};
	rootObject = 15C3F6A62858CFFF0084133F /* Project object */;
}
